
Microsoft Visual Studio Solution File, Format Version 12.00
# Visual Studio Version 17
VisualStudioVersion = 17.1.32421.90
MinimumVisualStudioVersion = 10.0.40219.1
Project("{00D1A9C2-B5F0-4AF3-8072-F6C62B433612}") = "HRIS.Database", "HRIS.Database\HRIS.Database.sqlproj", "{1E0E7225-473E-49EE-8C0D-7A0CC53A7C93}"
EndProject
Global
	GlobalSection(SolutionConfigurationPlatforms) = preSolution
		Debug|Any CPU = Debug|Any CPU
		Release|Any CPU = Release|Any CPU
	EndGlobalSection
	GlobalSection(ProjectConfigurationPlatforms) = postSolution
		{1E0E7225-473E-49EE-8C0D-7A0CC53A7C93}.Debug|Any CPU.ActiveCfg = Debug|Any CPU
		{1E0E7225-473E-49EE-8C0D-7A0CC53A7C93}.Debug|Any CPU.Build.0 = Debug|Any CPU
		{1E0E7225-473E-49EE-8C0D-7A0CC53A7C93}.Debug|Any CPU.Deploy.0 = Debug|Any CPU
		{1E0E7225-473E-49EE-8C0D-7A0CC53A7C93}.Release|Any CPU.ActiveCfg = Release|Any CPU
		{1E0E7225-473E-49EE-8C0D-7A0CC53A7C93}.Release|Any CPU.Build.0 = Release|Any CPU
		{1E0E7225-473E-49EE-8C0D-7A0CC53A7C93}.Release|Any CPU.Deploy.0 = Release|Any CPU
	EndGlobalSection
	GlobalSection(SolutionProperties) = preSolution
		HideSolutionNode = FALSE
	EndGlobalSection
	GlobalSection(ExtensibilityGlobals) = postSolution
		SolutionGuid = {FB161357-1544-4857-B68A-B6CD7FEAA3DD}
	EndGlobalSection
EndGlobal
