
Microsoft Visual Studio Solution File, Format Version 12.00
# Visual Studio Version 17
VisualStudioVersion = 17.1.32421.90
MinimumVisualStudioVersion = 10.0.40219.1
Project("{FAE04EC0-301F-11D3-BF4B-00C04F79EFBC}") = "HRIS.Website", "HRIS.Website\HRIS.Website.csproj", "{660E5929-4CC8-48AD-8523-742665AD27E5}"
EndProject
Global
	GlobalSection(SolutionConfigurationPlatforms) = preSolution
		Debug|Any CPU = Debug|Any CPU
		Release|Any CPU = Release|Any CPU
	EndGlobalSection
	GlobalSection(ProjectConfigurationPlatforms) = postSolution
		{660E5929-4CC8-48AD-8523-742665AD27E5}.Debug|Any CPU.ActiveCfg = Debug|Any CPU
		{660E5929-4CC8-48AD-8523-742665AD27E5}.Debug|Any CPU.Build.0 = Debug|Any CPU
		{660E5929-4CC8-48AD-8523-742665AD27E5}.Release|Any CPU.ActiveCfg = Release|Any CPU
		{660E5929-4CC8-48AD-8523-742665AD27E5}.Release|Any CPU.Build.0 = Release|Any CPU
	EndGlobalSection
	GlobalSection(SolutionProperties) = preSolution
		HideSolutionNode = FALSE
	EndGlobalSection
	GlobalSection(ExtensibilityGlobals) = postSolution
		SolutionGuid = {DB624085-0AC1-4E7F-B503-289DADD53AD7}
	EndGlobalSection
EndGlobal
